
Microsoft Visual Studio Solution File, Format Version 12.00
# Visual Studio Version 17
VisualStudioVersion = 17.2.32616.157
MinimumVisualStudioVersion = 10.0.40219.1
Project("{FAE04EC0-301F-11D3-BF4B-00C04F79EFBC}") = "APIRest.Deposito", "APIRest.Deposito\APIRest.Deposito.csproj", "{D84191A5-6C19-4F8B-9E58-D4B2DE573E89}"
EndProject
Global
	GlobalSection(SolutionConfigurationPlatforms) = preSolution
		Debug|Any CPU = Debug|Any CPU
		Release|Any CPU = Release|Any CPU
	EndGlobalSection
	GlobalSection(ProjectConfigurationPlatforms) = postSolution
		{D84191A5-6C19-4F8B-9E58-D4B2DE573E89}.Debug|Any CPU.ActiveCfg = Debug|Any CPU
		{D84191A5-6C19-4F8B-9E58-D4B2DE573E89}.Debug|Any CPU.Build.0 = Debug|Any CPU
		{D84191A5-6C19-4F8B-9E58-D4B2DE573E89}.Release|Any CPU.ActiveCfg = Release|Any CPU
		{D84191A5-6C19-4F8B-9E58-D4B2DE573E89}.Release|Any CPU.Build.0 = Release|Any CPU
	EndGlobalSection
	GlobalSection(SolutionProperties) = preSolution
		HideSolutionNode = FALSE
	EndGlobalSection
	GlobalSection(ExtensibilityGlobals) = postSolution
		SolutionGuid = {F265CC10-D141-4580-AB15-BAC7EB649E11}
	EndGlobalSection
EndGlobal
